// !$*UTF8*$!
{
	archiveVersion = 1;
	classes = {
	};
	objectVersion = 56;
	objects = {

/* Begin PBXBuildFile section */
		995725C62BB8484A00E72253 /* geberApp.swift in Sources */ = {isa = PBXBuildFile; fileRef = 995725C52BB8484A00E72253 /* geberApp.swift */; };
		995725C82BB8484A00E72253 /* HomeView.swift in Sources */ = {isa = PBXBuildFile; fileRef = 995725C72BB8484A00E72253 /* HomeView.swift */; };
		995725CA2BB8484B00E72253 /* Assets.xcassets in Resources */ = {isa = PBXBuildFile; fileRef = 995725C92BB8484B00E72253 /* Assets.xcassets */; };
		995725CD2BB8484B00E72253 /* Preview Assets.xcassets in Resources */ = {isa = PBXBuildFile; fileRef = 995725CC2BB8484B00E72253 /* Preview Assets.xcassets */; };
		995725D72BB8484B00E72253 /* geberTests.swift in Sources */ = {isa = PBXBuildFile; fileRef = 995725D62BB8484B00E72253 /* geberTests.swift */; };
		995725E12BB8484B00E72253 /* geberUITests.swift in Sources */ = {isa = PBXBuildFile; fileRef = 995725E02BB8484B00E72253 /* geberUITests.swift */; };
		995725E32BB8484B00E72253 /* geberUITestsLaunchTests.swift in Sources */ = {isa = PBXBuildFile; fileRef = 995725E22BB8484B00E72253 /* geberUITestsLaunchTests.swift */; };
		995725F32BB853A500E72253 /* Event.swift in Sources */ = {isa = PBXBuildFile; fileRef = 995725F22BB853A500E72253 /* Event.swift */; };
		995725F52BB8555B00E72253 /* HomeViewModel.swift in Sources */ = {isa = PBXBuildFile; fileRef = 995725F42BB8555B00E72253 /* HomeViewModel.swift */; };
		995725FC2BB8752C00E72253 /* SwiftRedis in Frameworks */ = {isa = PBXBuildFile; productRef = 995725FB2BB8752C00E72253 /* SwiftRedis */; };
		998F74392BB88D95007149CA /* SwiftyRedis in Frameworks */ = {isa = PBXBuildFile; productRef = 998F74382BB88D95007149CA /* SwiftyRedis */; };
		998F747A2BB90BDA007149CA /* EnvManager.swift in Sources */ = {isa = PBXBuildFile; fileRef = 998F74792BB90BDA007149CA /* EnvManager.swift */; };
/* End PBXBuildFile section */

/* Begin PBXContainerItemProxy section */
		995725D32BB8484B00E72253 /* PBXContainerItemProxy */ = {
			isa = PBXContainerItemProxy;
			containerPortal = 995725BA2BB8484A00E72253 /* Project object */;
			proxyType = 1;
			remoteGlobalIDString = 995725C12BB8484A00E72253;
			remoteInfo = geber;
		};
		995725DD2BB8484B00E72253 /* PBXContainerItemProxy */ = {
			isa = PBXContainerItemProxy;
			containerPortal = 995725BA2BB8484A00E72253 /* Project object */;
			proxyType = 1;
			remoteGlobalIDString = 995725C12BB8484A00E72253;
			remoteInfo = geber;
		};
/* End PBXContainerItemProxy section */

/* Begin PBXFileReference section */
		995725C22BB8484A00E72253 /* geber.app */ = {isa = PBXFileReference; explicitFileType = wrapper.application; includeInIndex = 0; path = geber.app; sourceTree = BUILT_PRODUCTS_DIR; };
		995725C52BB8484A00E72253 /* geberApp.swift */ = {isa = PBXFileReference; lastKnownFileType = sourcecode.swift; path = geberApp.swift; sourceTree = "<group>"; };
		995725C72BB8484A00E72253 /* HomeView.swift */ = {isa = PBXFileReference; lastKnownFileType = sourcecode.swift; path = HomeView.swift; sourceTree = "<group>"; };
		995725C92BB8484B00E72253 /* Assets.xcassets */ = {isa = PBXFileReference; lastKnownFileType = folder.assetcatalog; path = Assets.xcassets; sourceTree = "<group>"; };
		995725CC2BB8484B00E72253 /* Preview Assets.xcassets */ = {isa = PBXFileReference; lastKnownFileType = folder.assetcatalog; path = "Preview Assets.xcassets"; sourceTree = "<group>"; };
		995725D22BB8484B00E72253 /* geberTests.xctest */ = {isa = PBXFileReference; explicitFileType = wrapper.cfbundle; includeInIndex = 0; path = geberTests.xctest; sourceTree = BUILT_PRODUCTS_DIR; };
		995725D62BB8484B00E72253 /* geberTests.swift */ = {isa = PBXFileReference; lastKnownFileType = sourcecode.swift; path = geberTests.swift; sourceTree = "<group>"; };
		995725DC2BB8484B00E72253 /* geberUITests.xctest */ = {isa = PBXFileReference; explicitFileType = wrapper.cfbundle; includeInIndex = 0; path = geberUITests.xctest; sourceTree = BUILT_PRODUCTS_DIR; };
		995725E02BB8484B00E72253 /* geberUITests.swift */ = {isa = PBXFileReference; lastKnownFileType = sourcecode.swift; path = geberUITests.swift; sourceTree = "<group>"; };
		995725E22BB8484B00E72253 /* geberUITestsLaunchTests.swift */ = {isa = PBXFileReference; lastKnownFileType = sourcecode.swift; path = geberUITestsLaunchTests.swift; sourceTree = "<group>"; };
		995725EF2BB84CEE00E72253 /* geber.entitlements */ = {isa = PBXFileReference; lastKnownFileType = text.plist.entitlements; path = geber.entitlements; sourceTree = "<group>"; };
		995725F22BB853A500E72253 /* Event.swift */ = {isa = PBXFileReference; lastKnownFileType = sourcecode.swift; path = Event.swift; sourceTree = "<group>"; };
		995725F42BB8555B00E72253 /* HomeViewModel.swift */ = {isa = PBXFileReference; lastKnownFileType = sourcecode.swift; path = HomeViewModel.swift; sourceTree = "<group>"; };
		995725F92BB8669D00E72253 /* Info.plist */ = {isa = PBXFileReference; lastKnownFileType = text.plist; path = Info.plist; sourceTree = "<group>"; };
		998F74792BB90BDA007149CA /* EnvManager.swift */ = {isa = PBXFileReference; lastKnownFileType = sourcecode.swift; path = EnvManager.swift; sourceTree = "<group>"; };
/* End PBXFileReference section */

/* Begin PBXFrameworksBuildPhase section */
		995725BF2BB8484A00E72253 /* Frameworks */ = {
			isa = PBXFrameworksBuildPhase;
			buildActionMask = 2147483647;
			files = (
				998F74392BB88D95007149CA /* SwiftyRedis in Frameworks */,
				995725FC2BB8752C00E72253 /* SwiftRedis in Frameworks */,
			);
			runOnlyForDeploymentPostprocessing = 0;
		};
		995725CF2BB8484B00E72253 /* Frameworks */ = {
			isa = PBXFrameworksBuildPhase;
			buildActionMask = 2147483647;
			files = (
			);
			runOnlyForDeploymentPostprocessing = 0;
		};
		995725D92BB8484B00E72253 /* Frameworks */ = {
			isa = PBXFrameworksBuildPhase;
			buildActionMask = 2147483647;
			files = (
			);
			runOnlyForDeploymentPostprocessing = 0;
		};
/* End PBXFrameworksBuildPhase section */

/* Begin PBXGroup section */
		995725B92BB8484A00E72253 = {
			isa = PBXGroup;
			children = (
				995725C42BB8484A00E72253 /* geber */,
				995725D52BB8484B00E72253 /* geberTests */,
				995725DF2BB8484B00E72253 /* geberUITests */,
				995725C32BB8484A00E72253 /* Products */,
				998F74372BB88D95007149CA /* Frameworks */,
			);
			sourceTree = "<group>";
		};
		995725C32BB8484A00E72253 /* Products */ = {
			isa = PBXGroup;
			children = (
				995725C22BB8484A00E72253 /* geber.app */,
				995725D22BB8484B00E72253 /* geberTests.xctest */,
				995725DC2BB8484B00E72253 /* geberUITests.xctest */,
			);
			name = Products;
			sourceTree = "<group>";
		};
		995725C42BB8484A00E72253 /* geber */ = {
			isa = PBXGroup;
			children = (
				995725F92BB8669D00E72253 /* Info.plist */,
				995725EF2BB84CEE00E72253 /* geber.entitlements */,
				995725C52BB8484A00E72253 /* geberApp.swift */,
				995725F12BB8527300E72253 /* Models */,
				995725F02BB8526D00E72253 /* Views */,
				995725C92BB8484B00E72253 /* Assets.xcassets */,
				998F74782BB90BCB007149CA /* Tools */,
				995725CB2BB8484B00E72253 /* Preview Content */,
			);
			path = geber;
			sourceTree = "<group>";
		};
		995725CB2BB8484B00E72253 /* Preview Content */ = {
			isa = PBXGroup;
			children = (
				995725CC2BB8484B00E72253 /* Preview Assets.xcassets */,
			);
			path = "Preview Content";
			sourceTree = "<group>";
		};
		995725D52BB8484B00E72253 /* geberTests */ = {
			isa = PBXGroup;
			children = (
				995725D62BB8484B00E72253 /* geberTests.swift */,
			);
			path = geberTests;
			sourceTree = "<group>";
		};
		995725DF2BB8484B00E72253 /* geberUITests */ = {
			isa = PBXGroup;
			children = (
				995725E02BB8484B00E72253 /* geberUITests.swift */,
				995725E22BB8484B00E72253 /* geberUITestsLaunchTests.swift */,
			);
			path = geberUITests;
			sourceTree = "<group>";
		};
		995725F02BB8526D00E72253 /* Views */ = {
			isa = PBXGroup;
			children = (
				995725C72BB8484A00E72253 /* HomeView.swift */,
				995725F42BB8555B00E72253 /* HomeViewModel.swift */,
			);
			path = Views;
			sourceTree = "<group>";
		};
		995725F12BB8527300E72253 /* Models */ = {
			isa = PBXGroup;
			children = (
				995725F22BB853A500E72253 /* Event.swift */,
			);
			path = Models;
			sourceTree = "<group>";
		};
		998F74372BB88D95007149CA /* Frameworks */ = {
			isa = PBXGroup;
			children = (
			);
			name = Frameworks;
			sourceTree = "<group>";
		};
		998F74782BB90BCB007149CA /* Tools */ = {
			isa = PBXGroup;
			children = (
				998F74792BB90BDA007149CA /* EnvManager.swift */,
			);
			path = Tools;
			sourceTree = "<group>";
		};
/* End PBXGroup section */

/* Begin PBXNativeTarget section */
		995725C12BB8484A00E72253 /* geber */ = {
			isa = PBXNativeTarget;
			buildConfigurationList = 995725E62BB8484B00E72253 /* Build configuration list for PBXNativeTarget "geber" */;
			buildPhases = (
				995725BE2BB8484A00E72253 /* Sources */,
				995725BF2BB8484A00E72253 /* Frameworks */,
				995725C02BB8484A00E72253 /* Resources */,
			);
			buildRules = (
			);
			dependencies = (
			);
			name = geber;
			packageProductDependencies = (
				995725FB2BB8752C00E72253 /* SwiftRedis */,
				998F74382BB88D95007149CA /* SwiftyRedis */,
			);
			productName = geber;
			productReference = 995725C22BB8484A00E72253 /* geber.app */;
			productType = "com.apple.product-type.application";
		};
		995725D12BB8484B00E72253 /* geberTests */ = {
			isa = PBXNativeTarget;
			buildConfigurationList = 995725E92BB8484B00E72253 /* Build configuration list for PBXNativeTarget "geberTests" */;
			buildPhases = (
				995725CE2BB8484B00E72253 /* Sources */,
				995725CF2BB8484B00E72253 /* Frameworks */,
				995725D02BB8484B00E72253 /* Resources */,
			);
			buildRules = (
			);
			dependencies = (
				995725D42BB8484B00E72253 /* PBXTargetDependency */,
			);
			name = geberTests;
			productName = geberTests;
			productReference = 995725D22BB8484B00E72253 /* geberTests.xctest */;
			productType = "com.apple.product-type.bundle.unit-test";
		};
		995725DB2BB8484B00E72253 /* geberUITests */ = {
			isa = PBXNativeTarget;
			buildConfigurationList = 995725EC2BB8484B00E72253 /* Build configuration list for PBXNativeTarget "geberUITests" */;
			buildPhases = (
				995725D82BB8484B00E72253 /* Sources */,
				995725D92BB8484B00E72253 /* Frameworks */,
				995725DA2BB8484B00E72253 /* Resources */,
			);
			buildRules = (
			);
			dependencies = (
				995725DE2BB8484B00E72253 /* PBXTargetDependency */,
			);
			name = geberUITests;
			productName = geberUITests;
			productReference = 995725DC2BB8484B00E72253 /* geberUITests.xctest */;
			productType = "com.apple.product-type.bundle.ui-testing";
		};
/* End PBXNativeTarget section */

/* Begin PBXProject section */
		995725BA2BB8484A00E72253 /* Project object */ = {
			isa = PBXProject;
			attributes = {
				BuildIndependentTargetsInParallel = 1;
				LastSwiftUpdateCheck = 1520;
				LastUpgradeCheck = 1520;
				TargetAttributes = {
					995725C12BB8484A00E72253 = {
						CreatedOnToolsVersion = 15.2;
					};
					995725D12BB8484B00E72253 = {
						CreatedOnToolsVersion = 15.2;
						TestTargetID = 995725C12BB8484A00E72253;
					};
					995725DB2BB8484B00E72253 = {
						CreatedOnToolsVersion = 15.2;
						TestTargetID = 995725C12BB8484A00E72253;
					};
				};
			};
			buildConfigurationList = 995725BD2BB8484A00E72253 /* Build configuration list for PBXProject "geber" */;
			compatibilityVersion = "Xcode 14.0";
			developmentRegion = en;
			hasScannedForEncodings = 0;
			knownRegions = (
				en,
				Base,
			);
			mainGroup = 995725B92BB8484A00E72253;
			packageReferences = (
				995725F62BB8669B00E72253 /* XCRemoteSwiftPackageReference "swifty-redis" */,
				995725FA2BB8752C00E72253 /* XCRemoteSwiftPackageReference "Kitura-redis" */,
				995725FD2BB8808200E72253 /* XCRemoteSwiftPackageReference "redis" */,
			);
			productRefGroup = 995725C32BB8484A00E72253 /* Products */;
			projectDirPath = "";
			projectRoot = "";
			targets = (
				995725C12BB8484A00E72253 /* geber */,
				995725D12BB8484B00E72253 /* geberTests */,
				995725DB2BB8484B00E72253 /* geberUITests */,
			);
		};
/* End PBXProject section */

/* Begin PBXResourcesBuildPhase section */
		995725C02BB8484A00E72253 /* Resources */ = {
			isa = PBXResourcesBuildPhase;
			buildActionMask = 2147483647;
			files = (
				995725CD2BB8484B00E72253 /* Preview Assets.xcassets in Resources */,
				995725CA2BB8484B00E72253 /* Assets.xcassets in Resources */,
			);
			runOnlyForDeploymentPostprocessing = 0;
		};
		995725D02BB8484B00E72253 /* Resources */ = {
			isa = PBXResourcesBuildPhase;
			buildActionMask = 2147483647;
			files = (
			);
			runOnlyForDeploymentPostprocessing = 0;
		};
		995725DA2BB8484B00E72253 /* Resources */ = {
			isa = PBXResourcesBuildPhase;
			buildActionMask = 2147483647;
			files = (
			);
			runOnlyForDeploymentPostprocessing = 0;
		};
/* End PBXResourcesBuildPhase section */

/* Begin PBXSourcesBuildPhase section */
		995725BE2BB8484A00E72253 /* Sources */ = {
			isa = PBXSourcesBuildPhase;
			buildActionMask = 2147483647;
			files = (
				995725C82BB8484A00E72253 /* HomeView.swift in Sources */,
				995725F32BB853A500E72253 /* Event.swift in Sources */,
				995725C62BB8484A00E72253 /* geberApp.swift in Sources */,
				998F747A2BB90BDA007149CA /* EnvManager.swift in Sources */,
				995725F52BB8555B00E72253 /* HomeViewModel.swift in Sources */,
			);
			runOnlyForDeploymentPostprocessing = 0;
		};
		995725CE2BB8484B00E72253 /* Sources */ = {
			isa = PBXSourcesBuildPhase;
			buildActionMask = 2147483647;
			files = (
				995725D72BB8484B00E72253 /* geberTests.swift in Sources */,
			);
			runOnlyForDeploymentPostprocessing = 0;
		};
		995725D82BB8484B00E72253 /* Sources */ = {
			isa = PBXSourcesBuildPhase;
			buildActionMask = 2147483647;
			files = (
				995725E32BB8484B00E72253 /* geberUITestsLaunchTests.swift in Sources */,
				995725E12BB8484B00E72253 /* geberUITests.swift in Sources */,
			);
			runOnlyForDeploymentPostprocessing = 0;
		};
/* End PBXSourcesBuildPhase section */

/* Begin PBXTargetDependency section */
		995725D42BB8484B00E72253 /* PBXTargetDependency */ = {
			isa = PBXTargetDependency;
			target = 995725C12BB8484A00E72253 /* geber */;
			targetProxy = 995725D32BB8484B00E72253 /* PBXContainerItemProxy */;
		};
		995725DE2BB8484B00E72253 /* PBXTargetDependency */ = {
			isa = PBXTargetDependency;
			target = 995725C12BB8484A00E72253 /* geber */;
			targetProxy = 995725DD2BB8484B00E72253 /* PBXContainerItemProxy */;
		};
/* End PBXTargetDependency section */

/* Begin XCBuildConfiguration section */
		995725E42BB8484B00E72253 /* Debug */ = {
			isa = XCBuildConfiguration;
			buildSettings = {
				ALWAYS_SEARCH_USER_PATHS = NO;
				ASSETCATALOG_COMPILER_GENERATE_SWIFT_ASSET_SYMBOL_EXTENSIONS = YES;
				CLANG_ANALYZER_NONNULL = YES;
				CLANG_ANALYZER_NUMBER_OBJECT_CONVERSION = YES_AGGRESSIVE;
				CLANG_CXX_LANGUAGE_STANDARD = "gnu++20";
				CLANG_ENABLE_MODULES = YES;
				CLANG_ENABLE_OBJC_ARC = YES;
				CLANG_ENABLE_OBJC_WEAK = YES;
				CLANG_WARN_BLOCK_CAPTURE_AUTORELEASING = YES;
				CLANG_WARN_BOOL_CONVERSION = YES;
				CLANG_WARN_COMMA = YES;
				CLANG_WARN_CONSTANT_CONVERSION = YES;
				CLANG_WARN_DEPRECATED_OBJC_IMPLEMENTATIONS = YES;
				CLANG_WARN_DIRECT_OBJC_ISA_USAGE = YES_ERROR;
				CLANG_WARN_DOCUMENTATION_COMMENTS = YES;
				CLANG_WARN_EMPTY_BODY = YES;
				CLANG_WARN_ENUM_CONVERSION = YES;
				CLANG_WARN_INFINITE_RECURSION = YES;
				CLANG_WARN_INT_CONVERSION = YES;
				CLANG_WARN_NON_LITERAL_NULL_CONVERSION = YES;
				CLANG_WARN_OBJC_IMPLICIT_RETAIN_SELF = YES;
				CLANG_WARN_OBJC_LITERAL_CONVERSION = YES;
				CLANG_WARN_OBJC_ROOT_CLASS = YES_ERROR;
				CLANG_WARN_QUOTED_INCLUDE_IN_FRAMEWORK_HEADER = YES;
				CLANG_WARN_RANGE_LOOP_ANALYSIS = YES;
				CLANG_WARN_STRICT_PROTOTYPES = YES;
				CLANG_WARN_SUSPICIOUS_MOVE = YES;
				CLANG_WARN_UNGUARDED_AVAILABILITY = YES_AGGRESSIVE;
				CLANG_WARN_UNREACHABLE_CODE = YES;
				CLANG_WARN__DUPLICATE_METHOD_MATCH = YES;
				COPY_PHASE_STRIP = NO;
				DEBUG_INFORMATION_FORMAT = dwarf;
				ENABLE_STRICT_OBJC_MSGSEND = YES;
				ENABLE_TESTABILITY = YES;
				ENABLE_USER_SCRIPT_SANDBOXING = YES;
				GCC_C_LANGUAGE_STANDARD = gnu17;
				GCC_DYNAMIC_NO_PIC = NO;
				GCC_NO_COMMON_BLOCKS = YES;
				GCC_OPTIMIZATION_LEVEL = 0;
				GCC_PREPROCESSOR_DEFINITIONS = (
					"DEBUG=1",
					"$(inherited)",
				);
				GCC_WARN_64_TO_32_BIT_CONVERSION = YES;
				GCC_WARN_ABOUT_RETURN_TYPE = YES_ERROR;
				GCC_WARN_UNDECLARED_SELECTOR = YES;
				GCC_WARN_UNINITIALIZED_AUTOS = YES_AGGRESSIVE;
				GCC_WARN_UNUSED_FUNCTION = YES;
				GCC_WARN_UNUSED_VARIABLE = YES;
				IPHONEOS_DEPLOYMENT_TARGET = 17.2;
				LOCALIZATION_PREFERS_STRING_CATALOGS = YES;
				MTL_ENABLE_DEBUG_INFO = INCLUDE_SOURCE;
				MTL_FAST_MATH = YES;
				ONLY_ACTIVE_ARCH = YES;
				SDKROOT = iphoneos;
				SWIFT_ACTIVE_COMPILATION_CONDITIONS = "DEBUG $(inherited)";
				SWIFT_OPTIMIZATION_LEVEL = "-Onone";
			};
			name = Debug;
		};
		995725E52BB8484B00E72253 /* Release */ = {
			isa = XCBuildConfiguration;
			buildSettings = {
				ALWAYS_SEARCH_USER_PATHS = NO;
				ASSETCATALOG_COMPILER_GENERATE_SWIFT_ASSET_SYMBOL_EXTENSIONS = YES;
				CLANG_ANALYZER_NONNULL = YES;
				CLANG_ANALYZER_NUMBER_OBJECT_CONVERSION = YES_AGGRESSIVE;
				CLANG_CXX_LANGUAGE_STANDARD = "gnu++20";
				CLANG_ENABLE_MODULES = YES;
				CLANG_ENABLE_OBJC_ARC = YES;
				CLANG_ENABLE_OBJC_WEAK = YES;
				CLANG_WARN_BLOCK_CAPTURE_AUTORELEASING = YES;
				CLANG_WARN_BOOL_CONVERSION = YES;
				CLANG_WARN_COMMA = YES;
				CLANG_WARN_CONSTANT_CONVERSION = YES;
				CLANG_WARN_DEPRECATED_OBJC_IMPLEMENTATIONS = YES;
				CLANG_WARN_DIRECT_OBJC_ISA_USAGE = YES_ERROR;
				CLANG_WARN_DOCUMENTATION_COMMENTS = YES;
				CLANG_WARN_EMPTY_BODY = YES;
				CLANG_WARN_ENUM_CONVERSION = YES;
				CLANG_WARN_INFINITE_RECURSION = YES;
				CLANG_WARN_INT_CONVERSION = YES;
				CLANG_WARN_NON_LITERAL_NULL_CONVERSION = YES;
				CLANG_WARN_OBJC_IMPLICIT_RETAIN_SELF = YES;
				CLANG_WARN_OBJC_LITERAL_CONVERSION = YES;
				CLANG_WARN_OBJC_ROOT_CLASS = YES_ERROR;
				CLANG_WARN_QUOTED_INCLUDE_IN_FRAMEWORK_HEADER = YES;
				CLANG_WARN_RANGE_LOOP_ANALYSIS = YES;
				CLANG_WARN_STRICT_PROTOTYPES = YES;
				CLANG_WARN_SUSPICIOUS_MOVE = YES;
				CLANG_WARN_UNGUARDED_AVAILABILITY = YES_AGGRESSIVE;
				CLANG_WARN_UNREACHABLE_CODE = YES;
				CLANG_WARN__DUPLICATE_METHOD_MATCH = YES;
				COPY_PHASE_STRIP = NO;
				DEBUG_INFORMATION_FORMAT = "dwarf-with-dsym";
				ENABLE_NS_ASSERTIONS = NO;
				ENABLE_STRICT_OBJC_MSGSEND = YES;
				ENABLE_USER_SCRIPT_SANDBOXING = YES;
				GCC_C_LANGUAGE_STANDARD = gnu17;
				GCC_NO_COMMON_BLOCKS = YES;
				GCC_WARN_64_TO_32_BIT_CONVERSION = YES;
				GCC_WARN_ABOUT_RETURN_TYPE = YES_ERROR;
				GCC_WARN_UNDECLARED_SELECTOR = YES;
				GCC_WARN_UNINITIALIZED_AUTOS = YES_AGGRESSIVE;
				GCC_WARN_UNUSED_FUNCTION = YES;
				GCC_WARN_UNUSED_VARIABLE = YES;
				IPHONEOS_DEPLOYMENT_TARGET = 17.2;
				LOCALIZATION_PREFERS_STRING_CATALOGS = YES;
				MTL_ENABLE_DEBUG_INFO = NO;
				MTL_FAST_MATH = YES;
				SDKROOT = iphoneos;
				SWIFT_COMPILATION_MODE = wholemodule;
				VALIDATE_PRODUCT = YES;
			};
			name = Release;
		};
		995725E72BB8484B00E72253 /* Debug */ = {
			isa = XCBuildConfiguration;
			buildSettings = {
				ASSETCATALOG_COMPILER_APPICON_NAME = AppIcon;
				ASSETCATALOG_COMPILER_GLOBAL_ACCENT_COLOR_NAME = AccentColor;
				CODE_SIGN_ENTITLEMENTS = geber/geber.entitlements;
				CODE_SIGN_STYLE = Automatic;
				CURRENT_PROJECT_VERSION = 1;
				DEVELOPMENT_ASSET_PATHS = "\"geber/Preview Content\"";
				DEVELOPMENT_TEAM = 5V847CY3JM;
				ENABLE_PREVIEWS = YES;
				GENERATE_INFOPLIST_FILE = YES;
				INFOPLIST_FILE = geber/Info.plist;
				INFOPLIST_KEY_UIApplicationSceneManifest_Generation = YES;
				INFOPLIST_KEY_UIApplicationSupportsIndirectInputEvents = YES;
				INFOPLIST_KEY_UILaunchScreen_Generation = YES;
				INFOPLIST_KEY_UISupportedInterfaceOrientations_iPad = "UIInterfaceOrientationPortrait UIInterfaceOrientationPortraitUpsideDown UIInterfaceOrientationLandscapeLeft UIInterfaceOrientationLandscapeRight";
				INFOPLIST_KEY_UISupportedInterfaceOrientations_iPhone = "UIInterfaceOrientationPortrait UIInterfaceOrientationLandscapeLeft UIInterfaceOrientationLandscapeRight";
				LD_RUNPATH_SEARCH_PATHS = (
					"$(inherited)",
					"@executable_path/Frameworks",
				);
				MARKETING_VERSION = 1.0;
				PRODUCT_BUNDLE_IDENTIFIER = "com.nurulhd.geber-app";
				PRODUCT_NAME = "$(TARGET_NAME)";
				SWIFT_EMIT_LOC_STRINGS = YES;
				SWIFT_VERSION = 5.0;
				TARGETED_DEVICE_FAMILY = "1,2";
			};
			name = Debug;
		};
		995725E82BB8484B00E72253 /* Release */ = {
			isa = XCBuildConfiguration;
			buildSettings = {
				ASSETCATALOG_COMPILER_APPICON_NAME = AppIcon;
				ASSETCATALOG_COMPILER_GLOBAL_ACCENT_COLOR_NAME = AccentColor;
				CODE_SIGN_ENTITLEMENTS = geber/geber.entitlements;
				CODE_SIGN_STYLE = Automatic;
				CURRENT_PROJECT_VERSION = 1;
				DEVELOPMENT_ASSET_PATHS = "\"geber/Preview Content\"";
				DEVELOPMENT_TEAM = 5V847CY3JM;
				ENABLE_PREVIEWS = YES;
				GENERATE_INFOPLIST_FILE = YES;
				INFOPLIST_FILE = geber/Info.plist;
				INFOPLIST_KEY_UIApplicationSceneManifest_Generation = YES;
				INFOPLIST_KEY_UIApplicationSupportsIndirectInputEvents = YES;
				INFOPLIST_KEY_UILaunchScreen_Generation = YES;
				INFOPLIST_KEY_UISupportedInterfaceOrientations_iPad = "UIInterfaceOrientationPortrait UIInterfaceOrientationPortraitUpsideDown UIInterfaceOrientationLandscapeLeft UIInterfaceOrientationLandscapeRight";
				INFOPLIST_KEY_UISupportedInterfaceOrientations_iPhone = "UIInterfaceOrientationPortrait UIInterfaceOrientationLandscapeLeft UIInterfaceOrientationLandscapeRight";
				LD_RUNPATH_SEARCH_PATHS = (
					"$(inherited)",
					"@executable_path/Frameworks",
				);
				MARKETING_VERSION = 1.0;
				PRODUCT_BUNDLE_IDENTIFIER = "com.nurulhd.geber-app";
				PRODUCT_NAME = "$(TARGET_NAME)";
				SWIFT_EMIT_LOC_STRINGS = YES;
				SWIFT_VERSION = 5.0;
				TARGETED_DEVICE_FAMILY = "1,2";
			};
			name = Release;
		};
		995725EA2BB8484B00E72253 /* Debug */ = {
			isa = XCBuildConfiguration;
			buildSettings = {
				ALWAYS_EMBED_SWIFT_STANDARD_LIBRARIES = YES;
				BUNDLE_LOADER = "$(TEST_HOST)";
				CODE_SIGN_STYLE = Automatic;
				CURRENT_PROJECT_VERSION = 1;
				GENERATE_INFOPLIST_FILE = YES;
				IPHONEOS_DEPLOYMENT_TARGET = 17.2;
				MARKETING_VERSION = 1.0;
				PRODUCT_BUNDLE_IDENTIFIER = com.nurulhd.geberTests;
				PRODUCT_NAME = "$(TARGET_NAME)";
				SWIFT_EMIT_LOC_STRINGS = NO;
				SWIFT_VERSION = 5.0;
				TARGETED_DEVICE_FAMILY = "1,2";
				TEST_HOST = "$(BUILT_PRODUCTS_DIR)/geber.app/$(BUNDLE_EXECUTABLE_FOLDER_PATH)/geber";
			};
			name = Debug;
		};
		995725EB2BB8484B00E72253 /* Release */ = {
			isa = XCBuildConfiguration;
			buildSettings = {
				ALWAYS_EMBED_SWIFT_STANDARD_LIBRARIES = YES;
				BUNDLE_LOADER = "$(TEST_HOST)";
				CODE_SIGN_STYLE = Automatic;
				CURRENT_PROJECT_VERSION = 1;
				GENERATE_INFOPLIST_FILE = YES;
				IPHONEOS_DEPLOYMENT_TARGET = 17.2;
				MARKETING_VERSION = 1.0;
				PRODUCT_BUNDLE_IDENTIFIER = com.nurulhd.geberTests;
				PRODUCT_NAME = "$(TARGET_NAME)";
				SWIFT_EMIT_LOC_STRINGS = NO;
				SWIFT_VERSION = 5.0;
				TARGETED_DEVICE_FAMILY = "1,2";
				TEST_HOST = "$(BUILT_PRODUCTS_DIR)/geber.app/$(BUNDLE_EXECUTABLE_FOLDER_PATH)/geber";
			};
			name = Release;
		};
		995725ED2BB8484B00E72253 /* Debug */ = {
			isa = XCBuildConfiguration;
			buildSettings = {
				ALWAYS_EMBED_SWIFT_STANDARD_LIBRARIES = YES;
				CODE_SIGN_STYLE = Automatic;
				CURRENT_PROJECT_VERSION = 1;
				GENERATE_INFOPLIST_FILE = YES;
				MARKETING_VERSION = 1.0;
				PRODUCT_BUNDLE_IDENTIFIER = com.nurulhd.geberUITests;
				PRODUCT_NAME = "$(TARGET_NAME)";
				SWIFT_EMIT_LOC_STRINGS = NO;
				SWIFT_VERSION = 5.0;
				TARGETED_DEVICE_FAMILY = "1,2";
				TEST_TARGET_NAME = geber;
			};
			name = Debug;
		};
		995725EE2BB8484B00E72253 /* Release */ = {
			isa = XCBuildConfiguration;
			buildSettings = {
				ALWAYS_EMBED_SWIFT_STANDARD_LIBRARIES = YES;
				CODE_SIGN_STYLE = Automatic;
				CURRENT_PROJECT_VERSION = 1;
				GENERATE_INFOPLIST_FILE = YES;
				MARKETING_VERSION = 1.0;
				PRODUCT_BUNDLE_IDENTIFIER = com.nurulhd.geberUITests;
				PRODUCT_NAME = "$(TARGET_NAME)";
				SWIFT_EMIT_LOC_STRINGS = NO;
				SWIFT_VERSION = 5.0;
				TARGETED_DEVICE_FAMILY = "1,2";
				TEST_TARGET_NAME = geber;
			};
			name = Release;
		};
/* End XCBuildConfiguration section */

/* Begin XCConfigurationList section */
		995725BD2BB8484A00E72253 /* Build configuration list for PBXProject "geber" */ = {
			isa = XCConfigurationList;
			buildConfigurations = (
				995725E42BB8484B00E72253 /* Debug */,
				995725E52BB8484B00E72253 /* Release */,
			);
			defaultConfigurationIsVisible = 0;
			defaultConfigurationName = Release;
		};
		995725E62BB8484B00E72253 /* Build configuration list for PBXNativeTarget "geber" */ = {
			isa = XCConfigurationList;
			buildConfigurations = (
				995725E72BB8484B00E72253 /* Debug */,
				995725E82BB8484B00E72253 /* Release */,
			);
			defaultConfigurationIsVisible = 0;
			defaultConfigurationName = Release;
		};
		995725E92BB8484B00E72253 /* Build configuration list for PBXNativeTarget "geberTests" */ = {
			isa = XCConfigurationList;
			buildConfigurations = (
				995725EA2BB8484B00E72253 /* Debug */,
				995725EB2BB8484B00E72253 /* Release */,
			);
			defaultConfigurationIsVisible = 0;
			defaultConfigurationName = Release;
		};
		995725EC2BB8484B00E72253 /* Build configuration list for PBXNativeTarget "geberUITests" */ = {
			isa = XCConfigurationList;
			buildConfigurations = (
				995725ED2BB8484B00E72253 /* Debug */,
				995725EE2BB8484B00E72253 /* Release */,
			);
			defaultConfigurationIsVisible = 0;
			defaultConfigurationName = Release;
		};
/* End XCConfigurationList section */

/* Begin XCRemoteSwiftPackageReference section */
		995725F62BB8669B00E72253 /* XCRemoteSwiftPackageReference "swifty-redis" */ = {
			isa = XCRemoteSwiftPackageReference;
			repositoryURL = "https://github.com/michaelvanstraten/swifty-redis.git";
			requirement = {
				branch = main;
				kind = branch;
			};
		};
		995725FA2BB8752C00E72253 /* XCRemoteSwiftPackageReference "Kitura-redis" */ = {
			isa = XCRemoteSwiftPackageReference;
			repositoryURL = "https://github.com/Kitura/Kitura-redis.git";
			requirement = {
				kind = upToNextMajorVersion;
				minimumVersion = 2.1.200;
			};
		};
		995725FD2BB8808200E72253 /* XCRemoteSwiftPackageReference "redis" */ = {
			isa = XCRemoteSwiftPackageReference;
			repositoryURL = "https://github.com/vapor/redis.git";
			requirement = {
				kind = upToNextMajorVersion;
				minimumVersion = 4.10.0;
			};
		};
/* End XCRemoteSwiftPackageReference section */

/* Begin XCSwiftPackageProductDependency section */
		995725FB2BB8752C00E72253 /* SwiftRedis */ = {
			isa = XCSwiftPackageProductDependency;
			package = 995725FA2BB8752C00E72253 /* XCRemoteSwiftPackageReference "Kitura-redis" */;
			productName = SwiftRedis;
		};
		998F74382BB88D95007149CA /* SwiftyRedis */ = {
			isa = XCSwiftPackageProductDependency;
			package = 995725F62BB8669B00E72253 /* XCRemoteSwiftPackageReference "swifty-redis" */;
			productName = SwiftyRedis;
		};
/* End XCSwiftPackageProductDependency section */
	};
	rootObject = 995725BA2BB8484A00E72253 /* Project object */;
}
